
Microsoft Visual Studio Solution File, Format Version 12.00
# Visual Studio Version 16
VisualStudioVersion = 16.0.29424.173
MinimumVisualStudioVersion = 10.0.40219.1
Project("{9A19103F-16F7-4668-BE54-9A1E7A4F7556}") = "ILCombiner", "ILCombiner\ILCombiner.csproj", "{EA0B54EE-9C4B-4644-AB65-DE36A7630FF7}"
EndProject
Project("{FAE04EC0-301F-11D3-BF4B-00C04F79EFBC}") = "ILCombiner.Cli", "ILCombiner.Cli\ILCombiner.Cli.csproj", "{D4B2AB29-5DE1-406F-8D62-2CAD32B2040C}"
EndProject
Project("{9A19103F-16F7-4668-BE54-9A1E7A4F7556}") = "dnlib", "dnlib\src\dnlib.csproj", "{D8283CF6-1662-4A99-83A2-F93495C48C7A}"
EndProject
Project("{FAE04EC0-301F-11D3-BF4B-00C04F79EFBC}") = "ILCombiner.Runtime", "ILCombiner.Runtime\ILCombiner.Runtime.csproj", "{6D306C93-BFE5-4C13-9E73-1A37BF1884C7}"
EndProject
Global
	GlobalSection(SolutionConfigurationPlatforms) = preSolution
		Debug|Any CPU = Debug|Any CPU
		Release|Any CPU = Release|Any CPU
	EndGlobalSection
	GlobalSection(ProjectConfigurationPlatforms) = postSolution
		{EA0B54EE-9C4B-4644-AB65-DE36A7630FF7}.Debug|Any CPU.ActiveCfg = Debug|Any CPU
		{EA0B54EE-9C4B-4644-AB65-DE36A7630FF7}.Debug|Any CPU.Build.0 = Debug|Any CPU
		{EA0B54EE-9C4B-4644-AB65-DE36A7630FF7}.Release|Any CPU.ActiveCfg = Release|Any CPU
		{EA0B54EE-9C4B-4644-AB65-DE36A7630FF7}.Release|Any CPU.Build.0 = Release|Any CPU
		{D4B2AB29-5DE1-406F-8D62-2CAD32B2040C}.Debug|Any CPU.ActiveCfg = Debug|Any CPU
		{D4B2AB29-5DE1-406F-8D62-2CAD32B2040C}.Debug|Any CPU.Build.0 = Debug|Any CPU
		{D4B2AB29-5DE1-406F-8D62-2CAD32B2040C}.Release|Any CPU.ActiveCfg = Release|Any CPU
		{D4B2AB29-5DE1-406F-8D62-2CAD32B2040C}.Release|Any CPU.Build.0 = Release|Any CPU
		{D8283CF6-1662-4A99-83A2-F93495C48C7A}.Debug|Any CPU.ActiveCfg = Debug|Any CPU
		{D8283CF6-1662-4A99-83A2-F93495C48C7A}.Debug|Any CPU.Build.0 = Debug|Any CPU
		{D8283CF6-1662-4A99-83A2-F93495C48C7A}.Release|Any CPU.ActiveCfg = Release|Any CPU
		{D8283CF6-1662-4A99-83A2-F93495C48C7A}.Release|Any CPU.Build.0 = Release|Any CPU
		{6D306C93-BFE5-4C13-9E73-1A37BF1884C7}.Debug|Any CPU.ActiveCfg = Debug|Any CPU
		{6D306C93-BFE5-4C13-9E73-1A37BF1884C7}.Debug|Any CPU.Build.0 = Debug|Any CPU
		{6D306C93-BFE5-4C13-9E73-1A37BF1884C7}.Release|Any CPU.ActiveCfg = Release|Any CPU
		{6D306C93-BFE5-4C13-9E73-1A37BF1884C7}.Release|Any CPU.Build.0 = Release|Any CPU
	EndGlobalSection
	GlobalSection(SolutionProperties) = preSolution
		HideSolutionNode = FALSE
	EndGlobalSection
	GlobalSection(ExtensibilityGlobals) = postSolution
		SolutionGuid = {339AD95D-95E8-47F5-BE6A-F854379AE85E}
	EndGlobalSection
EndGlobal
